
Microsoft Visual Studio Solution File, Format Version 12.00
# Visual Studio Version 16
VisualStudioVersion = 16.0.31005.135
MinimumVisualStudioVersion = 10.0.40219.1
Project("{FAE04EC0-301F-11D3-BF4B-00C04F79EFBC}") = "ComputerSalon", "ComputerSalon\ComputerSalon.csproj", "{9EBE6D24-C0C5-41C3-9A6F-B0A6D780B8A1}"
EndProject
Project("{FAE04EC0-301F-11D3-BF4B-00C04F79EFBC}") = "Models", "Models\Models.csproj", "{00116C74-C5D0-4F9A-9CD5-9507663E047E}"
EndProject
Project("{FAE04EC0-301F-11D3-BF4B-00C04F79EFBC}") = "UI", "UI\UI.csproj", "{EA8CD194-6728-4CF0-99CD-515270A06592}"
EndProject
Project("{FAE04EC0-301F-11D3-BF4B-00C04F79EFBC}") = "Types", "Types\Types.csproj", "{157EF38D-1D01-44E5-9E29-CCD75BBE43FF}"
EndProject
Project("{9A19103F-16F7-4668-BE54-9A1E7A4F7556}") = "Entities", "Entities\Entities.csproj", "{5A41BA48-A11F-4126-AFD4-AE2582084578}"
EndProject
Project("{9A19103F-16F7-4668-BE54-9A1E7A4F7556}") = "DataLayer", "DataLayer\DataLayer.csproj", "{36B7991E-CCC3-4622-906B-9E4158F5EAB5}"
EndProject
Project("{9A19103F-16F7-4668-BE54-9A1E7A4F7556}") = "BusinessLayer", "BusinessLayer\BusinessLayer.csproj", "{19510AA0-B2DA-41F5-984F-7E7D0FAD344D}"
EndProject
Project("{9A19103F-16F7-4668-BE54-9A1E7A4F7556}") = "Mappers", "Mappers\Mappers.csproj", "{D5B6A83B-B6B7-4C3F-B39D-B366FCD3C953}"
EndProject
Project("{FAE04EC0-301F-11D3-BF4B-00C04F79EFBC}") = "MVVM", "MVVM\MVVM.csproj", "{6AC133C7-A7DB-4C22-9FA0-DE56B3C3302C}"
EndProject
Global
	GlobalSection(SolutionConfigurationPlatforms) = preSolution
		Debug|Any CPU = Debug|Any CPU
		Release|Any CPU = Release|Any CPU
	EndGlobalSection
	GlobalSection(ProjectConfigurationPlatforms) = postSolution
		{9EBE6D24-C0C5-41C3-9A6F-B0A6D780B8A1}.Debug|Any CPU.ActiveCfg = Debug|Any CPU
		{9EBE6D24-C0C5-41C3-9A6F-B0A6D780B8A1}.Debug|Any CPU.Build.0 = Debug|Any CPU
		{9EBE6D24-C0C5-41C3-9A6F-B0A6D780B8A1}.Release|Any CPU.ActiveCfg = Release|Any CPU
		{9EBE6D24-C0C5-41C3-9A6F-B0A6D780B8A1}.Release|Any CPU.Build.0 = Release|Any CPU
		{00116C74-C5D0-4F9A-9CD5-9507663E047E}.Debug|Any CPU.ActiveCfg = Debug|Any CPU
		{00116C74-C5D0-4F9A-9CD5-9507663E047E}.Debug|Any CPU.Build.0 = Debug|Any CPU
		{00116C74-C5D0-4F9A-9CD5-9507663E047E}.Release|Any CPU.ActiveCfg = Release|Any CPU
		{00116C74-C5D0-4F9A-9CD5-9507663E047E}.Release|Any CPU.Build.0 = Release|Any CPU
		{EA8CD194-6728-4CF0-99CD-515270A06592}.Debug|Any CPU.ActiveCfg = Debug|Any CPU
		{EA8CD194-6728-4CF0-99CD-515270A06592}.Debug|Any CPU.Build.0 = Debug|Any CPU
		{EA8CD194-6728-4CF0-99CD-515270A06592}.Release|Any CPU.ActiveCfg = Release|Any CPU
		{EA8CD194-6728-4CF0-99CD-515270A06592}.Release|Any CPU.Build.0 = Release|Any CPU
		{157EF38D-1D01-44E5-9E29-CCD75BBE43FF}.Debug|Any CPU.ActiveCfg = Debug|Any CPU
		{157EF38D-1D01-44E5-9E29-CCD75BBE43FF}.Debug|Any CPU.Build.0 = Debug|Any CPU
		{157EF38D-1D01-44E5-9E29-CCD75BBE43FF}.Release|Any CPU.ActiveCfg = Release|Any CPU
		{157EF38D-1D01-44E5-9E29-CCD75BBE43FF}.Release|Any CPU.Build.0 = Release|Any CPU
		{5A41BA48-A11F-4126-AFD4-AE2582084578}.Debug|Any CPU.ActiveCfg = Debug|Any CPU
		{5A41BA48-A11F-4126-AFD4-AE2582084578}.Debug|Any CPU.Build.0 = Debug|Any CPU
		{5A41BA48-A11F-4126-AFD4-AE2582084578}.Release|Any CPU.ActiveCfg = Release|Any CPU
		{5A41BA48-A11F-4126-AFD4-AE2582084578}.Release|Any CPU.Build.0 = Release|Any CPU
		{36B7991E-CCC3-4622-906B-9E4158F5EAB5}.Debug|Any CPU.ActiveCfg = Debug|Any CPU
		{36B7991E-CCC3-4622-906B-9E4158F5EAB5}.Debug|Any CPU.Build.0 = Debug|Any CPU
		{36B7991E-CCC3-4622-906B-9E4158F5EAB5}.Release|Any CPU.ActiveCfg = Release|Any CPU
		{36B7991E-CCC3-4622-906B-9E4158F5EAB5}.Release|Any CPU.Build.0 = Release|Any CPU
		{19510AA0-B2DA-41F5-984F-7E7D0FAD344D}.Debug|Any CPU.ActiveCfg = Debug|Any CPU
		{19510AA0-B2DA-41F5-984F-7E7D0FAD344D}.Debug|Any CPU.Build.0 = Debug|Any CPU
		{19510AA0-B2DA-41F5-984F-7E7D0FAD344D}.Release|Any CPU.ActiveCfg = Release|Any CPU
		{19510AA0-B2DA-41F5-984F-7E7D0FAD344D}.Release|Any CPU.Build.0 = Release|Any CPU
		{D5B6A83B-B6B7-4C3F-B39D-B366FCD3C953}.Debug|Any CPU.ActiveCfg = Debug|Any CPU
		{D5B6A83B-B6B7-4C3F-B39D-B366FCD3C953}.Debug|Any CPU.Build.0 = Debug|Any CPU
		{D5B6A83B-B6B7-4C3F-B39D-B366FCD3C953}.Release|Any CPU.ActiveCfg = Release|Any CPU
		{D5B6A83B-B6B7-4C3F-B39D-B366FCD3C953}.Release|Any CPU.Build.0 = Release|Any CPU
		{6AC133C7-A7DB-4C22-9FA0-DE56B3C3302C}.Debug|Any CPU.ActiveCfg = Debug|Any CPU
		{6AC133C7-A7DB-4C22-9FA0-DE56B3C3302C}.Debug|Any CPU.Build.0 = Debug|Any CPU
		{6AC133C7-A7DB-4C22-9FA0-DE56B3C3302C}.Release|Any CPU.ActiveCfg = Release|Any CPU
		{6AC133C7-A7DB-4C22-9FA0-DE56B3C3302C}.Release|Any CPU.Build.0 = Release|Any CPU
	EndGlobalSection
	GlobalSection(SolutionProperties) = preSolution
		HideSolutionNode = FALSE
	EndGlobalSection
	GlobalSection(ExtensibilityGlobals) = postSolution
		SolutionGuid = {19D3B3E7-1E2B-4CE5-B5DD-08D3C5309D91}
	EndGlobalSection
EndGlobal
